
Microsoft Visual Studio Solution File, Format Version 12.00
# Visual Studio 2013
VisualStudioVersion = 12.0.31101.0
MinimumVisualStudioVersion = 10.0.40219.1
Project("{2150E333-8FDC-42A3-9474-1A3956D46DE8}") = ".paket", ".paket", "{1EDD1986-C89C-4987-992B-D3DB85D1BEC3}"
	ProjectSection(SolutionItems) = preProject
		paket.dependencies = paket.dependencies
	EndProjectSection
EndProject
Project("{F2A71F9B-5D33-465A-A702-920D77279786}") = "NancyFs", "src\NancyFs\NancyFs.fsproj", "{B5D510EF-2627-4606-9BC4-0ED8988EEA79}"
EndProject
Global
	GlobalSection(SolutionConfigurationPlatforms) = preSolution
		Debug|Any CPU = Debug|Any CPU
		Release|Any CPU = Release|Any CPU
	EndGlobalSection
	GlobalSection(ProjectConfigurationPlatforms) = postSolution
		{B5D510EF-2627-4606-9BC4-0ED8988EEA79}.Debug|Any CPU.ActiveCfg = Debug|Any CPU
		{B5D510EF-2627-4606-9BC4-0ED8988EEA79}.Debug|Any CPU.Build.0 = Debug|Any CPU
		{B5D510EF-2627-4606-9BC4-0ED8988EEA79}.Release|Any CPU.ActiveCfg = Release|Any CPU
		{B5D510EF-2627-4606-9BC4-0ED8988EEA79}.Release|Any CPU.Build.0 = Release|Any CPU
	EndGlobalSection
	GlobalSection(SolutionProperties) = preSolution
		HideSolutionNode = FALSE
	EndGlobalSection
EndGlobal
